
Microsoft Visual Studio Solution File, Format Version 12.00
# Visual Studio Version 17
VisualStudioVersion = 17.6.33513.286
MinimumVisualStudioVersion = 10.0.40219.1
Project("{9A19103F-16F7-4668-BE54-9A1E7A4F7556}") = "RobotManager", "RobotManager\RobotManager.csproj", "{DCB5D8F0-3801-40B6-B9EB-6F756E526FF8}"
EndProject
Project("{9A19103F-16F7-4668-BE54-9A1E7A4F7556}") = "InstantController", "InstantController\InstantController.csproj", "{3CDAC599-79A0-4AA2-84DA-D53A79D35EBD}"
EndProject
Project("{FAE04EC0-301F-11D3-BF4B-00C04F79EFBC}") = "Nlib", "Nlib\Nlib.csproj", "{01E1B137-A198-421D-9C41-A4A57DABF46B}"
EndProject
Global
	GlobalSection(SolutionConfigurationPlatforms) = preSolution
		Debug|Any CPU = Debug|Any CPU
		Release|Any CPU = Release|Any CPU
	EndGlobalSection
	GlobalSection(ProjectConfigurationPlatforms) = postSolution
		{DCB5D8F0-3801-40B6-B9EB-6F756E526FF8}.Debug|Any CPU.ActiveCfg = Debug|Any CPU
		{DCB5D8F0-3801-40B6-B9EB-6F756E526FF8}.Debug|Any CPU.Build.0 = Debug|Any CPU
		{DCB5D8F0-3801-40B6-B9EB-6F756E526FF8}.Release|Any CPU.ActiveCfg = Release|Any CPU
		{DCB5D8F0-3801-40B6-B9EB-6F756E526FF8}.Release|Any CPU.Build.0 = Release|Any CPU
		{3CDAC599-79A0-4AA2-84DA-D53A79D35EBD}.Debug|Any CPU.ActiveCfg = Debug|Any CPU
		{3CDAC599-79A0-4AA2-84DA-D53A79D35EBD}.Debug|Any CPU.Build.0 = Debug|Any CPU
		{3CDAC599-79A0-4AA2-84DA-D53A79D35EBD}.Release|Any CPU.ActiveCfg = Release|Any CPU
		{3CDAC599-79A0-4AA2-84DA-D53A79D35EBD}.Release|Any CPU.Build.0 = Release|Any CPU
		{01E1B137-A198-421D-9C41-A4A57DABF46B}.Debug|Any CPU.ActiveCfg = Debug|Any CPU
		{01E1B137-A198-421D-9C41-A4A57DABF46B}.Debug|Any CPU.Build.0 = Debug|Any CPU
		{01E1B137-A198-421D-9C41-A4A57DABF46B}.Release|Any CPU.ActiveCfg = Release|Any CPU
		{01E1B137-A198-421D-9C41-A4A57DABF46B}.Release|Any CPU.Build.0 = Release|Any CPU
	EndGlobalSection
	GlobalSection(SolutionProperties) = preSolution
		HideSolutionNode = FALSE
	EndGlobalSection
	GlobalSection(ExtensibilityGlobals) = postSolution
		SolutionGuid = {BCD11EE4-222C-49D2-9D01-63AB0F41B21A}
	EndGlobalSection
EndGlobal
